{
  "version": 4,
  "terraform_version": "1.3.7",
  "serial": 31,
  "lineage": "0cfc3f1c-d500-31ee-f7a7-99f6bc5f660f",
  "outputs": {
    "vpc_id": {
      "value": "vpc-0ee055ef5181688a4",
      "type": "string"
    }
  },
  "resources": [
    {
      "mode": "managed",
      "type": "aws_eip",
      "name": "nat1",
      "provider": "provider[\"registry.terraform.io/hashicorp/aws\"]",
      "instances": [
        {
          "schema_version": 0,
          "attributes": {
            "address": null,
            "allocation_id": "eipalloc-0b39729b97407c874",
            "associate_with_private_ip": null,
            "association_id": "eipassoc-0be5962556057217b",
            "carrier_ip": "",
            "customer_owned_ip": "",
            "customer_owned_ipv4_pool": "",
            "domain": "vpc",
            "id": "eipalloc-0b39729b97407c874",
            "instance": "",
            "network_border_group": "us-east-1",
            "network_interface": "eni-027ede69e587da144",
            "private_dns": "ip-192-168-6-15.ec2.internal",
            "private_ip": "192.168.6.15",
            "public_dns": "ec2-52-71-136-200.compute-1.amazonaws.com",
            "public_ip": "52.71.136.200",
            "public_ipv4_pool": "amazon",
            "tags": {},
            "tags_all": {},
            "timeouts": null,
            "vpc": true
          },
          "sensitive_attributes": [],
          "private": "eyJlMmJmYjczMC1lY2FhLTExZTYtOGY4OC0zNDM2M2JjN2M0YzAiOnsiZGVsZXRlIjoxODAwMDAwMDAwMDAsInJlYWQiOjkwMDAwMDAwMDAwMCwidXBkYXRlIjozMDAwMDAwMDAwMDB9fQ==",
          "dependencies": [
            "aws_internet_gateway.main",
            "aws_vpc.main"
          ]
        }
      ]
    },
    {
      "mode": "managed",
      "type": "aws_eip",
      "name": "nat2",
      "provider": "provider[\"registry.terraform.io/hashicorp/aws\"]",
      "instances": [
        {
          "schema_version": 0,
          "attributes": {
            "address": null,
            "allocation_id": "eipalloc-027e0baba652c9664",
            "associate_with_private_ip": null,
            "association_id": "eipassoc-0fba877af5ce60a0a",
            "carrier_ip": "",
            "customer_owned_ip": "",
            "customer_owned_ipv4_pool": "",
            "domain": "vpc",
            "id": "eipalloc-027e0baba652c9664",
            "instance": "",
            "network_border_group": "us-east-1",
            "network_interface": "eni-030292d4429a874d5",
            "private_dns": "ip-192-168-122-68.ec2.internal",
            "private_ip": "192.168.122.68",
            "public_dns": "ec2-34-198-229-250.compute-1.amazonaws.com",
            "public_ip": "34.198.229.250",
            "public_ipv4_pool": "amazon",
            "tags": {},
            "tags_all": {},
            "timeouts": null,
            "vpc": true
          },
          "sensitive_attributes": [],
          "private": "eyJlMmJmYjczMC1lY2FhLTExZTYtOGY4OC0zNDM2M2JjN2M0YzAiOnsiZGVsZXRlIjoxODAwMDAwMDAwMDAsInJlYWQiOjkwMDAwMDAwMDAwMCwidXBkYXRlIjozMDAwMDAwMDAwMDB9fQ==",
          "dependencies": [
            "aws_internet_gateway.main",
            "aws_vpc.main"
          ]
        }
      ]
    },
    {
      "mode": "managed",
      "type": "aws_eks_cluster",
      "name": "eks",
      "provider": "provider[\"registry.terraform.io/hashicorp/aws\"]",
      "instances": [
        {
          "schema_version": 0,
          "attributes": {
            "arn": "arn:aws:eks:us-east-1:065240394615:cluster/eks",
            "certificate_authority": [
              {
                "data": "LS0tLS1CRUdJTiBDRVJUSUZJQ0FURS0tLS0tCk1JSUMvakNDQWVhZ0F3SUJBZ0lCQURBTkJna3Foa2lHOXcwQkFRc0ZBREFWTVJNd0VRWURWUVFERXdwcmRXSmwKY201bGRHVnpNQjRYRFRJek1EVXhPVEE1TlRRME1sb1hEVE16TURVeE5qQTVOVFEwTWxvd0ZURVRNQkVHQTFVRQpBeE1LYTNWaVpYSnVaWFJsY3pDQ0FTSXdEUVlKS29aSWh2Y05BUUVCQlFBRGdnRVBBRENDQVFvQ2dnRUJBTGsvCklmNjBZQjVmdGt3aE5tK3FzQXZXdEliZFowUkJVUVpCKzdOVE9GR0JuZFhiSVJwSUNpcWpZOCtmZ1dpSUJTcUsKaTBaTVovc0tRSWJMVnNScll1TlR0d2Y0QTZaUHplNU9zTk9pM3BkSTBqMTdCeTNYSGVkSjI3K3haa1ByNkQ3Ugp1UnhybWtHTmFVM29zaVhzWDl5bXB4ZUUzQlY3YjlIZW9wL1lyZjhOYXA1YzExZXJoTlFzalNsNUEvaENmelovCllkbjk3YS8zWUxEWXVXQVVRaTk0MGowTlZ3M1RkVUN5Nmk2c0lQamVwSmNhb25CMUE0aHhPaDZMZmUyb2hxVUUKZTFEYUJwdFVBangvQmZydHM2NW1zZ0pjU0N5SzZnSWFIYmxaTHhxUkg3VVlCT2U4NDYydCt6WEVkTTZ2ckx4Vgo0VjZwQ3VaQU1hSDJsVG5NR2swQ0F3RUFBYU5aTUZjd0RnWURWUjBQQVFIL0JBUURBZ0trTUE4R0ExVWRFd0VCCi93UUZNQU1CQWY4d0hRWURWUjBPQkJZRUZLVjhSZjd4eXJhL0pzamN2MWZMa1NsY0I2aUpNQlVHQTFVZEVRUU8KTUF5Q0NtdDFZbVZ5Ym1WMFpYTXdEUVlKS29aSWh2Y05BUUVMQlFBRGdnRUJBSlk3ZEt2NDRUeXVmVzFkN0Y1bwo2Q2NwdE1UVU9kaG5IQ1RMeVh6dDlodXhkRmxhVytTQVo3dEgrbHFTRkJZNTdFUmZFTzRzOFNYbi8rYUR2dHFMCjNkV3E0S0R5YkN2N1A1TDg5N21KK01PaGdoTGNsUC9oYnNRbi9NTnpqbDIrVnQrbVVNWWduay9weHhOMDBFa2IKRTRrenlQejQxZDNxTm50YnNFbDloZFF0RGxncjBjYWppZE52bkJEL2pmQnFVYjk5RjZWL0N0VW5KQkdPR21rRApDRUZWeGRpWXJnY0JCcTBjc2lDdFBRYjNyakR2elFBYS9SRS9QZEZQaEg4elBzc1BZdTZYRURpSmQvc2diaW1NClhDT1lTWUV6NTkvYjMvYWhVZ2NQQkh0UE5la3I3SGhTcURMeFdIQ3hMdkc5ajJhdXoyVTRxL2FsNlE3TjljdlIKNUhVPQotLS0tLUVORCBDRVJUSUZJQ0FURS0tLS0tCg=="
              }
            ],
            "created_at": "2023-05-19 09:48:55.983 +0000 UTC",
            "enabled_cluster_log_types": null,
            "encryption_config": [],
            "endpoint": "https://A812CAC40965782BD0908B491CB4A10D.gr7.us-east-1.eks.amazonaws.com",
            "id": "eks",
            "identity": [
              {
                "oidc": [
                  {
                    "issuer": "https://oidc.eks.us-east-1.amazonaws.com/id/A812CAC40965782BD0908B491CB4A10D"
                  }
                ]
              }
            ],
            "kubernetes_network_config": [
              {
                "ip_family": "ipv4",
                "service_ipv4_cidr": "10.100.0.0/16"
              }
            ],
            "name": "eks",
            "platform_version": "eks.2",
            "role_arn": "arn:aws:iam::065240394615:role/eks-cluster-1",
            "status": "ACTIVE",
            "tags": null,
            "tags_all": {},
            "timeouts": null,
            "version": "1.26",
            "vpc_config": [
              {
                "cluster_security_group_id": "sg-068483d9108304e0e",
                "endpoint_private_access": false,
                "endpoint_public_access": true,
                "public_access_cidrs": [
                  "0.0.0.0/0"
                ],
                "security_group_ids": null,
                "subnet_ids": [
                  "subnet-01abe4a9b9da43b0f",
                  "subnet-01e8ec1155fd834ef",
                  "subnet-0df7e777ec5bfea71",
                  "subnet-0f1b8fc935bd65ec6"
                ],
                "vpc_id": "vpc-0ee055ef5181688a4"
              }
            ]
          },
          "sensitive_attributes": [],
          "private": "eyJlMmJmYjczMC1lY2FhLTExZTYtOGY4OC0zNDM2M2JjN2M0YzAiOnsiY3JlYXRlIjoxODAwMDAwMDAwMDAwLCJkZWxldGUiOjkwMDAwMDAwMDAwMCwidXBkYXRlIjozNjAwMDAwMDAwMDAwfX0=",
          "dependencies": [
            "aws_iam_role.eks_cluster",
            "aws_iam_role_policy_attachment.amazon_eks_cluster_policy",
            "aws_subnet.private_1",
            "aws_subnet.private_2",
            "aws_subnet.public_1",
            "aws_subnet.public_2"
          ]
        }
      ]
    },
    {
      "mode": "managed",
      "type": "aws_eks_node_group",
      "name": "nodes_general",
      "provider": "provider[\"registry.terraform.io/hashicorp/aws\"]",
      "instances": [
        {
          "schema_version": 0,
          "attributes": {
            "ami_type": "AL2_x86_64",
            "arn": "arn:aws:eks:us-east-1:065240394615:nodegroup/eks/nodes-general/98c419b9-67ba-e065-443a-1c578a6c4011",
            "capacity_type": "ON_DEMAND",
            "cluster_name": "eks",
            "disk_size": 20,
            "force_update_version": false,
            "id": "eks:nodes-general",
            "instance_types": [
              "t3.small"
            ],
            "labels": {
              "role": "nodes-general"
            },
            "launch_template": [],
            "node_group_name": "nodes-general",
            "node_group_name_prefix": "",
            "node_role_arn": "arn:aws:iam::065240394615:role/eks-node-group-general",
            "release_version": "1.26.4-20230513",
            "remote_access": [],
            "resources": [
              {
                "autoscaling_groups": [
                  {
                    "name": "eks-nodes-general-98c419b9-67ba-e065-443a-1c578a6c4011"
                  }
                ],
                "remote_access_security_group_id": ""
              }
            ],
            "scaling_config": [
              {
                "desired_size": 2,
                "max_size": 2,
                "min_size": 1
              }
            ],
            "status": "ACTIVE",
            "subnet_ids": [
              "subnet-01e8ec1155fd834ef",
              "subnet-0f1b8fc935bd65ec6"
            ],
            "tags": null,
            "tags_all": {},
            "taint": [],
            "timeouts": null,
            "update_config": [
              {
                "max_unavailable": 1,
                "max_unavailable_percentage": 0
              }
            ],
            "version": "1.26"
          },
          "sensitive_attributes": [],
          "private": "eyJlMmJmYjczMC1lY2FhLTExZTYtOGY4OC0zNDM2M2JjN2M0YzAiOnsiY3JlYXRlIjozNjAwMDAwMDAwMDAwLCJkZWxldGUiOjM2MDAwMDAwMDAwMDAsInVwZGF0ZSI6MzYwMDAwMDAwMDAwMH19",
          "dependencies": [
            "aws_eks_cluster.eks",
            "aws_iam_role.eks_cluster",
            "aws_iam_role.nodes_general",
            "aws_iam_role_policy_attachment.amazon_ec2_container_registry_read_only",
            "aws_iam_role_policy_attachment.amazon_eks_cluster_policy",
            "aws_iam_role_policy_attachment.amazon_eks_cni_policy_general",
            "aws_iam_role_policy_attachment.amazon_eks_worker_node_policy_general",
            "aws_subnet.private_1",
            "aws_subnet.private_2",
            "aws_subnet.public_1",
            "aws_subnet.public_2"
          ]
        }
      ]
    },
    {
      "mode": "managed",
      "type": "aws_iam_role",
      "name": "eks_cluster",
      "provider": "provider[\"registry.terraform.io/hashicorp/aws\"]",
      "instances": [
        {
          "schema_version": 0,
          "attributes": {
            "arn": "arn:aws:iam::065240394615:role/eks-cluster-1",
            "assume_role_policy": "{\"Version\":\"2012-10-17\",\"Statement\":[{\"Effect\":\"Allow\",\"Principal\":{\"Service\":\"eks.amazonaws.com\"},\"Action\":\"sts:AssumeRole\"}]}",
            "create_date": "2023-05-19T06:14:08Z",
            "description": "",
            "force_detach_policies": false,
            "id": "eks-cluster-1",
            "inline_policy": [
              {
                "name": "",
                "policy": ""
              }
            ],
            "managed_policy_arns": [
              "arn:aws:iam::aws:policy/AmazonEKSClusterPolicy"
            ],
            "max_session_duration": 3600,
            "name": "eks-cluster-1",
            "name_prefix": "",
            "path": "/",
            "permissions_boundary": null,
            "tags": {},
            "tags_all": {},
            "unique_id": "AROAQ6MFBNN3VDHDKMMFA"
          },
          "sensitive_attributes": [],
          "private": "bnVsbA=="
        }
      ]
    },
    {
      "mode": "managed",
      "type": "aws_iam_role",
      "name": "nodes_general",
      "provider": "provider[\"registry.terraform.io/hashicorp/aws\"]",
      "instances": [
        {
          "schema_version": 0,
          "attributes": {
            "arn": "arn:aws:iam::065240394615:role/eks-node-group-general",
            "assume_role_policy": "{\"Version\":\"2012-10-17\",\"Statement\":[{\"Effect\":\"Allow\",\"Principal\":{\"Service\":\"ec2.amazonaws.com\"},\"Action\":\"sts:AssumeRole\"}]}",
            "create_date": "2023-05-19T06:00:31Z",
            "description": "",
            "force_detach_policies": false,
            "id": "eks-node-group-general",
            "inline_policy": [
              {
                "name": "",
                "policy": ""
              }
            ],
            "managed_policy_arns": [
              "arn:aws:iam::aws:policy/AmazonEC2ContainerRegistryReadOnly",
              "arn:aws:iam::aws:policy/AmazonEKSWorkerNodePolicy",
              "arn:aws:iam::aws:policy/AmazonEKS_CNI_Policy"
            ],
            "max_session_duration": 3600,
            "name": "eks-node-group-general",
            "name_prefix": "",
            "path": "/",
            "permissions_boundary": null,
            "tags": {},
            "tags_all": {},
            "unique_id": "AROAQ6MFBNN3WFBW7WRSU"
          },
          "sensitive_attributes": [],
          "private": "bnVsbA=="
        }
      ]
    },
    {
      "mode": "managed",
      "type": "aws_iam_role_policy_attachment",
      "name": "amazon_ec2_container_registry_read_only",
      "provider": "provider[\"registry.terraform.io/hashicorp/aws\"]",
      "instances": [
        {
          "schema_version": 0,
          "attributes": {
            "id": "eks-node-group-general-20230519060036568900000003",
            "policy_arn": "arn:aws:iam::aws:policy/AmazonEC2ContainerRegistryReadOnly",
            "role": "eks-node-group-general"
          },
          "sensitive_attributes": [],
          "private": "bnVsbA==",
          "dependencies": [
            "aws_iam_role.nodes_general"
          ]
        }
      ]
    },
    {
      "mode": "managed",
      "type": "aws_iam_role_policy_attachment",
      "name": "amazon_eks_cluster_policy",
      "provider": "provider[\"registry.terraform.io/hashicorp/aws\"]",
      "instances": [
        {
          "schema_version": 0,
          "attributes": {
            "id": "eks-cluster-1-20230519061413030700000001",
            "policy_arn": "arn:aws:iam::aws:policy/AmazonEKSClusterPolicy",
            "role": "eks-cluster-1"
          },
          "sensitive_attributes": [],
          "private": "bnVsbA==",
          "dependencies": [
            "aws_iam_role.eks_cluster"
          ]
        }
      ]
    },
    {
      "mode": "managed",
      "type": "aws_iam_role_policy_attachment",
      "name": "amazon_eks_cni_policy_general",
      "provider": "provider[\"registry.terraform.io/hashicorp/aws\"]",
      "instances": [
        {
          "schema_version": 0,
          "attributes": {
            "id": "eks-node-group-general-20230519060036568900000002",
            "policy_arn": "arn:aws:iam::aws:policy/AmazonEKS_CNI_Policy",
            "role": "eks-node-group-general"
          },
          "sensitive_attributes": [],
          "private": "bnVsbA==",
          "dependencies": [
            "aws_iam_role.nodes_general"
          ]
        }
      ]
    },
    {
      "mode": "managed",
      "type": "aws_iam_role_policy_attachment",
      "name": "amazon_eks_worker_node_policy_general",
      "provider": "provider[\"registry.terraform.io/hashicorp/aws\"]",
      "instances": [
        {
          "schema_version": 0,
          "attributes": {
            "id": "eks-node-group-general-20230519060036568800000001",
            "policy_arn": "arn:aws:iam::aws:policy/AmazonEKSWorkerNodePolicy",
            "role": "eks-node-group-general"
          },
          "sensitive_attributes": [],
          "private": "bnVsbA==",
          "dependencies": [
            "aws_iam_role.nodes_general"
          ]
        }
      ]
    },
    {
      "mode": "managed",
      "type": "aws_internet_gateway",
      "name": "main",
      "provider": "provider[\"registry.terraform.io/hashicorp/aws\"]",
      "instances": [
        {
          "schema_version": 0,
          "attributes": {
            "arn": "arn:aws:ec2:us-east-1:065240394615:internet-gateway/igw-0dcfd7c8c96a2cad2",
            "id": "igw-0dcfd7c8c96a2cad2",
            "owner_id": "065240394615",
            "tags": {
              "Name": "main"
            },
            "tags_all": {
              "Name": "main"
            },
            "vpc_id": "vpc-0ee055ef5181688a4"
          },
          "sensitive_attributes": [],
          "private": "bnVsbA==",
          "dependencies": [
            "aws_vpc.main"
          ]
        }
      ]
    },
    {
      "mode": "managed",
      "type": "aws_nat_gateway",
      "name": "gw1",
      "provider": "provider[\"registry.terraform.io/hashicorp/aws\"]",
      "instances": [
        {
          "schema_version": 0,
          "attributes": {
            "allocation_id": "eipalloc-0b39729b97407c874",
            "connectivity_type": "public",
            "id": "nat-073ec670aacff7a3c",
            "network_interface_id": "eni-027ede69e587da144",
            "private_ip": "192.168.6.15",
            "public_ip": "52.71.136.200",
            "subnet_id": "subnet-0df7e777ec5bfea71",
            "tags": {
              "Name": "NAT 1"
            },
            "tags_all": {
              "Name": "NAT 1"
            }
          },
          "sensitive_attributes": [],
          "private": "bnVsbA==",
          "dependencies": [
            "aws_eip.nat1",
            "aws_internet_gateway.main",
            "aws_subnet.public_1",
            "aws_vpc.main"
          ]
        }
      ]
    },
    {
      "mode": "managed",
      "type": "aws_nat_gateway",
      "name": "gw2",
      "provider": "provider[\"registry.terraform.io/hashicorp/aws\"]",
      "instances": [
        {
          "schema_version": 0,
          "attributes": {
            "allocation_id": "eipalloc-027e0baba652c9664",
            "connectivity_type": "public",
            "id": "nat-0b6a45dbc6e10f0bf",
            "network_interface_id": "eni-030292d4429a874d5",
            "private_ip": "192.168.122.68",
            "public_ip": "34.198.229.250",
            "subnet_id": "subnet-01abe4a9b9da43b0f",
            "tags": {
              "Name": "NAT 2"
            },
            "tags_all": {
              "Name": "NAT 2"
            }
          },
          "sensitive_attributes": [],
          "private": "bnVsbA==",
          "dependencies": [
            "aws_eip.nat2",
            "aws_internet_gateway.main",
            "aws_subnet.public_2",
            "aws_vpc.main"
          ]
        }
      ]
    },
    {
      "mode": "managed",
      "type": "aws_route_table",
      "name": "private1",
      "provider": "provider[\"registry.terraform.io/hashicorp/aws\"]",
      "instances": [
        {
          "schema_version": 0,
          "attributes": {
            "arn": "arn:aws:ec2:us-east-1:065240394615:route-table/rtb-0114b625518b68202",
            "id": "rtb-0114b625518b68202",
            "owner_id": "065240394615",
            "propagating_vgws": [],
            "route": [
              {
                "carrier_gateway_id": "",
                "cidr_block": "0.0.0.0/0",
                "destination_prefix_list_id": "",
                "egress_only_gateway_id": "",
                "gateway_id": "",
                "instance_id": "",
                "ipv6_cidr_block": "",
                "local_gateway_id": "",
                "nat_gateway_id": "nat-073ec670aacff7a3c",
                "network_interface_id": "",
                "transit_gateway_id": "",
                "vpc_endpoint_id": "",
                "vpc_peering_connection_id": ""
              }
            ],
            "tags": {
              "Name": "private1"
            },
            "tags_all": {
              "Name": "private1"
            },
            "timeouts": null,
            "vpc_id": "vpc-0ee055ef5181688a4"
          },
          "sensitive_attributes": [],
          "private": "eyJlMmJmYjczMC1lY2FhLTExZTYtOGY4OC0zNDM2M2JjN2M0YzAiOnsiY3JlYXRlIjozMDAwMDAwMDAwMDAsImRlbGV0ZSI6MzAwMDAwMDAwMDAwLCJ1cGRhdGUiOjEyMDAwMDAwMDAwMH19",
          "dependencies": [
            "aws_eip.nat1",
            "aws_internet_gateway.main",
            "aws_nat_gateway.gw1",
            "aws_subnet.public_1",
            "aws_vpc.main"
          ]
        }
      ]
    },
    {
      "mode": "managed",
      "type": "aws_route_table",
      "name": "private2",
      "provider": "provider[\"registry.terraform.io/hashicorp/aws\"]",
      "instances": [
        {
          "schema_version": 0,
          "attributes": {
            "arn": "arn:aws:ec2:us-east-1:065240394615:route-table/rtb-0264c4bf39a6b1f28",
            "id": "rtb-0264c4bf39a6b1f28",
            "owner_id": "065240394615",
            "propagating_vgws": [],
            "route": [
              {
                "carrier_gateway_id": "",
                "cidr_block": "0.0.0.0/0",
                "destination_prefix_list_id": "",
                "egress_only_gateway_id": "",
                "gateway_id": "",
                "instance_id": "",
                "ipv6_cidr_block": "",
                "local_gateway_id": "",
                "nat_gateway_id": "nat-0b6a45dbc6e10f0bf",
                "network_interface_id": "",
                "transit_gateway_id": "",
                "vpc_endpoint_id": "",
                "vpc_peering_connection_id": ""
              }
            ],
            "tags": {
              "Name": "private2"
            },
            "tags_all": {
              "Name": "private2"
            },
            "timeouts": null,
            "vpc_id": "vpc-0ee055ef5181688a4"
          },
          "sensitive_attributes": [],
          "private": "eyJlMmJmYjczMC1lY2FhLTExZTYtOGY4OC0zNDM2M2JjN2M0YzAiOnsiY3JlYXRlIjozMDAwMDAwMDAwMDAsImRlbGV0ZSI6MzAwMDAwMDAwMDAwLCJ1cGRhdGUiOjEyMDAwMDAwMDAwMH19",
          "dependencies": [
            "aws_eip.nat2",
            "aws_internet_gateway.main",
            "aws_nat_gateway.gw2",
            "aws_subnet.public_2",
            "aws_vpc.main"
          ]
        }
      ]
    },
    {
      "mode": "managed",
      "type": "aws_route_table",
      "name": "public",
      "provider": "provider[\"registry.terraform.io/hashicorp/aws\"]",
      "instances": [
        {
          "schema_version": 0,
          "attributes": {
            "arn": "arn:aws:ec2:us-east-1:065240394615:route-table/rtb-09b869e54b79563a0",
            "id": "rtb-09b869e54b79563a0",
            "owner_id": "065240394615",
            "propagating_vgws": [],
            "route": [
              {
                "carrier_gateway_id": "",
                "cidr_block": "0.0.0.0/0",
                "destination_prefix_list_id": "",
                "egress_only_gateway_id": "",
                "gateway_id": "igw-0dcfd7c8c96a2cad2",
                "instance_id": "",
                "ipv6_cidr_block": "",
                "local_gateway_id": "",
                "nat_gateway_id": "",
                "network_interface_id": "",
                "transit_gateway_id": "",
                "vpc_endpoint_id": "",
                "vpc_peering_connection_id": ""
              }
            ],
            "tags": {
              "Name": "public"
            },
            "tags_all": {
              "Name": "public"
            },
            "timeouts": null,
            "vpc_id": "vpc-0ee055ef5181688a4"
          },
          "sensitive_attributes": [],
          "private": "eyJlMmJmYjczMC1lY2FhLTExZTYtOGY4OC0zNDM2M2JjN2M0YzAiOnsiY3JlYXRlIjozMDAwMDAwMDAwMDAsImRlbGV0ZSI6MzAwMDAwMDAwMDAwLCJ1cGRhdGUiOjEyMDAwMDAwMDAwMH19",
          "dependencies": [
            "aws_internet_gateway.main",
            "aws_vpc.main"
          ]
        }
      ]
    },
    {
      "mode": "managed",
      "type": "aws_route_table_association",
      "name": "private1",
      "provider": "provider[\"registry.terraform.io/hashicorp/aws\"]",
      "instances": [
        {
          "schema_version": 0,
          "attributes": {
            "gateway_id": "",
            "id": "rtbassoc-08fbf85a4eb815bac",
            "route_table_id": "rtb-0114b625518b68202",
            "subnet_id": "subnet-0f1b8fc935bd65ec6"
          },
          "sensitive_attributes": [],
          "private": "bnVsbA==",
          "dependencies": [
            "aws_eip.nat1",
            "aws_internet_gateway.main",
            "aws_nat_gateway.gw1",
            "aws_route_table.private1",
            "aws_subnet.private_1",
            "aws_subnet.public_1",
            "aws_vpc.main"
          ]
        }
      ]
    },
    {
      "mode": "managed",
      "type": "aws_route_table_association",
      "name": "private2",
      "provider": "provider[\"registry.terraform.io/hashicorp/aws\"]",
      "instances": [
        {
          "schema_version": 0,
          "attributes": {
            "gateway_id": "",
            "id": "rtbassoc-02569e182aee330df",
            "route_table_id": "rtb-0264c4bf39a6b1f28",
            "subnet_id": "subnet-01e8ec1155fd834ef"
          },
          "sensitive_attributes": [],
          "private": "bnVsbA==",
          "dependencies": [
            "aws_eip.nat2",
            "aws_internet_gateway.main",
            "aws_nat_gateway.gw2",
            "aws_route_table.private2",
            "aws_subnet.private_2",
            "aws_subnet.public_2",
            "aws_vpc.main"
          ]
        }
      ]
    },
    {
      "mode": "managed",
      "type": "aws_route_table_association",
      "name": "public1",
      "provider": "provider[\"registry.terraform.io/hashicorp/aws\"]",
      "instances": [
        {
          "schema_version": 0,
          "attributes": {
            "gateway_id": "",
            "id": "rtbassoc-01ee6f4b0fbcb81c0",
            "route_table_id": "rtb-09b869e54b79563a0",
            "subnet_id": "subnet-0df7e777ec5bfea71"
          },
          "sensitive_attributes": [],
          "private": "bnVsbA==",
          "dependencies": [
            "aws_internet_gateway.main",
            "aws_route_table.public",
            "aws_subnet.public_1",
            "aws_vpc.main"
          ]
        }
      ]
    },
    {
      "mode": "managed",
      "type": "aws_route_table_association",
      "name": "public2",
      "provider": "provider[\"registry.terraform.io/hashicorp/aws\"]",
      "instances": [
        {
          "schema_version": 0,
          "attributes": {
            "gateway_id": "",
            "id": "rtbassoc-03a52e1ec32f22144",
            "route_table_id": "rtb-09b869e54b79563a0",
            "subnet_id": "subnet-01abe4a9b9da43b0f"
          },
          "sensitive_attributes": [],
          "private": "bnVsbA==",
          "dependencies": [
            "aws_internet_gateway.main",
            "aws_route_table.public",
            "aws_subnet.public_2",
            "aws_vpc.main"
          ]
        }
      ]
    },
    {
      "mode": "managed",
      "type": "aws_subnet",
      "name": "private_1",
      "provider": "provider[\"registry.terraform.io/hashicorp/aws\"]",
      "instances": [
        {
          "schema_version": 1,
          "attributes": {
            "arn": "arn:aws:ec2:us-east-1:065240394615:subnet/subnet-0f1b8fc935bd65ec6",
            "assign_ipv6_address_on_creation": false,
            "availability_zone": "us-east-1a",
            "availability_zone_id": "use1-az4",
            "cidr_block": "192.168.128.0/18",
            "customer_owned_ipv4_pool": "",
            "enable_dns64": false,
            "enable_resource_name_dns_a_record_on_launch": false,
            "enable_resource_name_dns_aaaa_record_on_launch": false,
            "id": "subnet-0f1b8fc935bd65ec6",
            "ipv6_cidr_block": "",
            "ipv6_cidr_block_association_id": "",
            "ipv6_native": false,
            "map_customer_owned_ip_on_launch": false,
            "map_public_ip_on_launch": false,
            "outpost_arn": "",
            "owner_id": "065240394615",
            "private_dns_hostname_type_on_launch": "ip-name",
            "tags": {
              "Name": "private-us-east-1a",
              "kubernetes.io/cluster/eks": "shared",
              "kubernetes.io/role/internal-elb": "1"
            },
            "tags_all": {
              "Name": "private-us-east-1a",
              "kubernetes.io/cluster/eks": "shared",
              "kubernetes.io/role/internal-elb": "1"
            },
            "timeouts": null,
            "vpc_id": "vpc-0ee055ef5181688a4"
          },
          "sensitive_attributes": [],
          "private": "eyJlMmJmYjczMC1lY2FhLTExZTYtOGY4OC0zNDM2M2JjN2M0YzAiOnsiY3JlYXRlIjo2MDAwMDAwMDAwMDAsImRlbGV0ZSI6MTIwMDAwMDAwMDAwMH0sInNjaGVtYV92ZXJzaW9uIjoiMSJ9",
          "dependencies": [
            "aws_vpc.main"
          ]
        }
      ]
    },
    {
      "mode": "managed",
      "type": "aws_subnet",
      "name": "private_2",
      "provider": "provider[\"registry.terraform.io/hashicorp/aws\"]",
      "instances": [
        {
          "schema_version": 1,
          "attributes": {
            "arn": "arn:aws:ec2:us-east-1:065240394615:subnet/subnet-01e8ec1155fd834ef",
            "assign_ipv6_address_on_creation": false,
            "availability_zone": "us-east-1b",
            "availability_zone_id": "use1-az6",
            "cidr_block": "192.168.192.0/18",
            "customer_owned_ipv4_pool": "",
            "enable_dns64": false,
            "enable_resource_name_dns_a_record_on_launch": false,
            "enable_resource_name_dns_aaaa_record_on_launch": false,
            "id": "subnet-01e8ec1155fd834ef",
            "ipv6_cidr_block": "",
            "ipv6_cidr_block_association_id": "",
            "ipv6_native": false,
            "map_customer_owned_ip_on_launch": false,
            "map_public_ip_on_launch": false,
            "outpost_arn": "",
            "owner_id": "065240394615",
            "private_dns_hostname_type_on_launch": "ip-name",
            "tags": {
              "Name": "private-us-east-1b",
              "kubernetes.io/cluster/eks": "shared",
              "kubernetes.io/role/internal-elb": "1"
            },
            "tags_all": {
              "Name": "private-us-east-1b",
              "kubernetes.io/cluster/eks": "shared",
              "kubernetes.io/role/internal-elb": "1"
            },
            "timeouts": null,
            "vpc_id": "vpc-0ee055ef5181688a4"
          },
          "sensitive_attributes": [],
          "private": "eyJlMmJmYjczMC1lY2FhLTExZTYtOGY4OC0zNDM2M2JjN2M0YzAiOnsiY3JlYXRlIjo2MDAwMDAwMDAwMDAsImRlbGV0ZSI6MTIwMDAwMDAwMDAwMH0sInNjaGVtYV92ZXJzaW9uIjoiMSJ9",
          "dependencies": [
            "aws_vpc.main"
          ]
        }
      ]
    },
    {
      "mode": "managed",
      "type": "aws_subnet",
      "name": "public_1",
      "provider": "provider[\"registry.terraform.io/hashicorp/aws\"]",
      "instances": [
        {
          "schema_version": 1,
          "attributes": {
            "arn": "arn:aws:ec2:us-east-1:065240394615:subnet/subnet-0df7e777ec5bfea71",
            "assign_ipv6_address_on_creation": false,
            "availability_zone": "us-east-1a",
            "availability_zone_id": "use1-az4",
            "cidr_block": "192.168.0.0/18",
            "customer_owned_ipv4_pool": "",
            "enable_dns64": false,
            "enable_resource_name_dns_a_record_on_launch": false,
            "enable_resource_name_dns_aaaa_record_on_launch": false,
            "id": "subnet-0df7e777ec5bfea71",
            "ipv6_cidr_block": "",
            "ipv6_cidr_block_association_id": "",
            "ipv6_native": false,
            "map_customer_owned_ip_on_launch": false,
            "map_public_ip_on_launch": true,
            "outpost_arn": "",
            "owner_id": "065240394615",
            "private_dns_hostname_type_on_launch": "ip-name",
            "tags": {
              "Name": "public-us-east-1a",
              "kubernetes.io/cluster/eks": "shared",
              "kubernetes.io/role/elb": "1"
            },
            "tags_all": {
              "Name": "public-us-east-1a",
              "kubernetes.io/cluster/eks": "shared",
              "kubernetes.io/role/elb": "1"
            },
            "timeouts": null,
            "vpc_id": "vpc-0ee055ef5181688a4"
          },
          "sensitive_attributes": [],
          "private": "eyJlMmJmYjczMC1lY2FhLTExZTYtOGY4OC0zNDM2M2JjN2M0YzAiOnsiY3JlYXRlIjo2MDAwMDAwMDAwMDAsImRlbGV0ZSI6MTIwMDAwMDAwMDAwMH0sInNjaGVtYV92ZXJzaW9uIjoiMSJ9",
          "dependencies": [
            "aws_vpc.main"
          ]
        }
      ]
    },
    {
      "mode": "managed",
      "type": "aws_subnet",
      "name": "public_2",
      "provider": "provider[\"registry.terraform.io/hashicorp/aws\"]",
      "instances": [
        {
          "schema_version": 1,
          "attributes": {
            "arn": "arn:aws:ec2:us-east-1:065240394615:subnet/subnet-01abe4a9b9da43b0f",
            "assign_ipv6_address_on_creation": false,
            "availability_zone": "us-east-1b",
            "availability_zone_id": "use1-az6",
            "cidr_block": "192.168.64.0/18",
            "customer_owned_ipv4_pool": "",
            "enable_dns64": false,
            "enable_resource_name_dns_a_record_on_launch": false,
            "enable_resource_name_dns_aaaa_record_on_launch": false,
            "id": "subnet-01abe4a9b9da43b0f",
            "ipv6_cidr_block": "",
            "ipv6_cidr_block_association_id": "",
            "ipv6_native": false,
            "map_customer_owned_ip_on_launch": false,
            "map_public_ip_on_launch": true,
            "outpost_arn": "",
            "owner_id": "065240394615",
            "private_dns_hostname_type_on_launch": "ip-name",
            "tags": {
              "Name": "public-us-east-1b",
              "kubernetes.io/cluster/eks": "shared",
              "kubernetes.io/role/elb": "1"
            },
            "tags_all": {
              "Name": "public-us-east-1b",
              "kubernetes.io/cluster/eks": "shared",
              "kubernetes.io/role/elb": "1"
            },
            "timeouts": null,
            "vpc_id": "vpc-0ee055ef5181688a4"
          },
          "sensitive_attributes": [],
          "private": "eyJlMmJmYjczMC1lY2FhLTExZTYtOGY4OC0zNDM2M2JjN2M0YzAiOnsiY3JlYXRlIjo2MDAwMDAwMDAwMDAsImRlbGV0ZSI6MTIwMDAwMDAwMDAwMH0sInNjaGVtYV92ZXJzaW9uIjoiMSJ9",
          "dependencies": [
            "aws_vpc.main"
          ]
        }
      ]
    },
    {
      "mode": "managed",
      "type": "aws_vpc",
      "name": "main",
      "provider": "provider[\"registry.terraform.io/hashicorp/aws\"]",
      "instances": [
        {
          "schema_version": 1,
          "attributes": {
            "arn": "arn:aws:ec2:us-east-1:065240394615:vpc/vpc-0ee055ef5181688a4",
            "assign_generated_ipv6_cidr_block": false,
            "cidr_block": "192.168.0.0/16",
            "default_network_acl_id": "acl-0c0d1ffd8f7221615",
            "default_route_table_id": "rtb-0c3bb359687da5e9d",
            "default_security_group_id": "sg-0cb0431b3d4b30639",
            "dhcp_options_id": "dopt-0a8f2eabea514cbbe",
            "enable_classiclink": false,
            "enable_classiclink_dns_support": false,
            "enable_dns_hostnames": true,
            "enable_dns_support": true,
            "id": "vpc-0ee055ef5181688a4",
            "instance_tenancy": "default",
            "ipv4_ipam_pool_id": null,
            "ipv4_netmask_length": null,
            "ipv6_association_id": "",
            "ipv6_cidr_block": "",
            "ipv6_cidr_block_network_border_group": "",
            "ipv6_ipam_pool_id": "",
            "ipv6_netmask_length": 0,
            "main_route_table_id": "rtb-0c3bb359687da5e9d",
            "owner_id": "065240394615",
            "tags": {
              "Name": "main"
            },
            "tags_all": {
              "Name": "main"
            }
          },
          "sensitive_attributes": [],
          "private": "eyJzY2hlbWFfdmVyc2lvbiI6IjEifQ=="
        }
      ]
    }
  ],
  "check_results": null
}
